
Microsoft Visual Studio Solution File, Format Version 12.00
# Visual Studio Version 17
VisualStudioVersion = 17.3.32819.101
MinimumVisualStudioVersion = 10.0.40219.1
Project("{9A19103F-16F7-4668-BE54-9A1E7A4F7556}") = "SmallTown.Engine", "SmallTown.Engine\SmallTown.Engine.csproj", "{404339C6-848A-4A75-A424-54C5758CABBA}"
EndProject
Project("{9A19103F-16F7-4668-BE54-9A1E7A4F7556}") = "SmallTown.Game", "SmallTown.Game\SmallTown.Game.csproj", "{0DA1F5B8-829E-4889-9950-F7BAA1C7BFD0}"
EndProject
Project("{9A19103F-16F7-4668-BE54-9A1E7A4F7556}") = "SmallTown.Runner", "SmallTown.Runner\SmallTown.Runner.csproj", "{75D53D40-DF0A-4B32-83D2-ECD8AEF47CF5}"
EndProject
Project("{2150E333-8FDC-42A3-9474-1A3956D46DE8}") = "Test", "Test", "{79FC218E-E70E-4291-B6FA-C6A3162B40E9}"
EndProject
Project("{FAE04EC0-301F-11D3-BF4B-00C04F79EFBC}") = "SmallTown.Game.Tests", "Test\SmallTown.Game.Tests\SmallTown.Game.Tests.csproj", "{117B2C98-3BF5-4916-A96B-210CDDAE9D60}"
EndProject
Global
	GlobalSection(SolutionConfigurationPlatforms) = preSolution
		Debug|Any CPU = Debug|Any CPU
		Release|Any CPU = Release|Any CPU
	EndGlobalSection
	GlobalSection(ProjectConfigurationPlatforms) = postSolution
		{404339C6-848A-4A75-A424-54C5758CABBA}.Debug|Any CPU.ActiveCfg = Debug|Any CPU
		{404339C6-848A-4A75-A424-54C5758CABBA}.Debug|Any CPU.Build.0 = Debug|Any CPU
		{404339C6-848A-4A75-A424-54C5758CABBA}.Release|Any CPU.ActiveCfg = Release|Any CPU
		{404339C6-848A-4A75-A424-54C5758CABBA}.Release|Any CPU.Build.0 = Release|Any CPU
		{0DA1F5B8-829E-4889-9950-F7BAA1C7BFD0}.Debug|Any CPU.ActiveCfg = Debug|Any CPU
		{0DA1F5B8-829E-4889-9950-F7BAA1C7BFD0}.Debug|Any CPU.Build.0 = Debug|Any CPU
		{0DA1F5B8-829E-4889-9950-F7BAA1C7BFD0}.Release|Any CPU.ActiveCfg = Release|Any CPU
		{0DA1F5B8-829E-4889-9950-F7BAA1C7BFD0}.Release|Any CPU.Build.0 = Release|Any CPU
		{75D53D40-DF0A-4B32-83D2-ECD8AEF47CF5}.Debug|Any CPU.ActiveCfg = Debug|Any CPU
		{75D53D40-DF0A-4B32-83D2-ECD8AEF47CF5}.Debug|Any CPU.Build.0 = Debug|Any CPU
		{75D53D40-DF0A-4B32-83D2-ECD8AEF47CF5}.Release|Any CPU.ActiveCfg = Release|Any CPU
		{75D53D40-DF0A-4B32-83D2-ECD8AEF47CF5}.Release|Any CPU.Build.0 = Release|Any CPU
		{117B2C98-3BF5-4916-A96B-210CDDAE9D60}.Debug|Any CPU.ActiveCfg = Debug|Any CPU
		{117B2C98-3BF5-4916-A96B-210CDDAE9D60}.Debug|Any CPU.Build.0 = Debug|Any CPU
		{117B2C98-3BF5-4916-A96B-210CDDAE9D60}.Release|Any CPU.ActiveCfg = Release|Any CPU
		{117B2C98-3BF5-4916-A96B-210CDDAE9D60}.Release|Any CPU.Build.0 = Release|Any CPU
	EndGlobalSection
	GlobalSection(SolutionProperties) = preSolution
		HideSolutionNode = FALSE
	EndGlobalSection
	GlobalSection(NestedProjects) = preSolution
		{117B2C98-3BF5-4916-A96B-210CDDAE9D60} = {79FC218E-E70E-4291-B6FA-C6A3162B40E9}
	EndGlobalSection
	GlobalSection(ExtensibilityGlobals) = postSolution
		SolutionGuid = {E7CC95BD-50E7-4399-8DA5-EBCFA06E1C4B}
	EndGlobalSection
EndGlobal
